// !$*UTF8*$!
{
	archiveVersion = 1;
	classes = {
	};
	objectVersion = 51;
	objects = {

/* Begin PBXBuildFile section */
		5602EA000EE35EE81CB8FAC4 /* Pods_InstagramTests.framework in Frameworks */ = {isa = PBXBuildFile; fileRef = 3A73F3BFFFABABA18BFFDFA0 /* Pods_InstagramTests.framework */; };
		6B0083C338AB71E275EEC492 /* Pods_Instagram.framework in Frameworks */ = {isa = PBXBuildFile; fileRef = F46368490286EA6604873A2E /* Pods_Instagram.framework */; };
		826A14392696149600A2E323 /* PostCell.m in Sources */ = {isa = PBXBuildFile; fileRef = 826A14382696149600A2E323 /* PostCell.m */; };
		826A143C26961A6D00A2E323 /* ComposeViewController.m in Sources */ = {isa = PBXBuildFile; fileRef = 826A143B26961A6D00A2E323 /* ComposeViewController.m */; };
		826A143F269688A000A2E323 /* Post.m in Sources */ = {isa = PBXBuildFile; fileRef = 826A143E269688A000A2E323 /* Post.m */; };
		828669FD2694A47800C28F9F /* AppDelegate.m in Sources */ = {isa = PBXBuildFile; fileRef = 828669FC2694A47800C28F9F /* AppDelegate.m */; };
		82866A002694A47800C28F9F /* SceneDelegate.m in Sources */ = {isa = PBXBuildFile; fileRef = 828669FF2694A47800C28F9F /* SceneDelegate.m */; };
		82866A032694A47800C28F9F /* ViewController.m in Sources */ = {isa = PBXBuildFile; fileRef = 82866A022694A47800C28F9F /* ViewController.m */; };
		82866A062694A47800C28F9F /* Main.storyboard in Resources */ = {isa = PBXBuildFile; fileRef = 82866A042694A47800C28F9F /* Main.storyboard */; };
		82866A082694A47900C28F9F /* Assets.xcassets in Resources */ = {isa = PBXBuildFile; fileRef = 82866A072694A47900C28F9F /* Assets.xcassets */; };
		82866A0B2694A47900C28F9F /* LaunchScreen.storyboard in Resources */ = {isa = PBXBuildFile; fileRef = 82866A092694A47900C28F9F /* LaunchScreen.storyboard */; };
		82866A0E2694A47900C28F9F /* main.m in Sources */ = {isa = PBXBuildFile; fileRef = 82866A0D2694A47900C28F9F /* main.m */; };
		82866A182694A47900C28F9F /* InstagramTests.m in Sources */ = {isa = PBXBuildFile; fileRef = 82866A172694A47900C28F9F /* InstagramTests.m */; };
		82866A232694A47900C28F9F /* InstagramUITests.m in Sources */ = {isa = PBXBuildFile; fileRef = 82866A222694A47900C28F9F /* InstagramUITests.m */; };
		82866A33269548FF00C28F9F /* LoginViewController.m in Sources */ = {isa = PBXBuildFile; fileRef = 82866A32269548FF00C28F9F /* LoginViewController.m */; };
		82866A3626954EB400C28F9F /* TimelineViewController.m in Sources */ = {isa = PBXBuildFile; fileRef = 82866A3526954EB400C28F9F /* TimelineViewController.m */; };
		CB7BC5C54E5B4D9D93919241 /* Pods_Instagram_InstagramUITests.framework in Frameworks */ = {isa = PBXBuildFile; fileRef = A09507ABE0DC5D5B0E4DCCFD /* Pods_Instagram_InstagramUITests.framework */; };
/* End PBXBuildFile section */

/* Begin PBXContainerItemProxy section */
		82866A142694A47900C28F9F /* PBXContainerItemProxy */ = {
			isa = PBXContainerItemProxy;
			containerPortal = 828669F02694A47800C28F9F /* Project object */;
			proxyType = 1;
			remoteGlobalIDString = 828669F72694A47800C28F9F;
			remoteInfo = Instagram;
		};
		82866A1F2694A47900C28F9F /* PBXContainerItemProxy */ = {
			isa = PBXContainerItemProxy;
			containerPortal = 828669F02694A47800C28F9F /* Project object */;
			proxyType = 1;
			remoteGlobalIDString = 828669F72694A47800C28F9F;
			remoteInfo = Instagram;
		};
/* End PBXContainerItemProxy section */

/* Begin PBXFileReference section */
		3A73F3BFFFABABA18BFFDFA0 /* Pods_InstagramTests.framework */ = {isa = PBXFileReference; explicitFileType = wrapper.framework; includeInIndex = 0; path = Pods_InstagramTests.framework; sourceTree = BUILT_PRODUCTS_DIR; };
		58489A283C903BF41BFC052D /* Pods-Instagram.debug.xcconfig */ = {isa = PBXFileReference; includeInIndex = 1; lastKnownFileType = text.xcconfig; name = "Pods-Instagram.debug.xcconfig"; path = "Target Support Files/Pods-Instagram/Pods-Instagram.debug.xcconfig"; sourceTree = "<group>"; };
		596D2CD949C25B304B39A8A1 /* Pods-InstagramTests.release.xcconfig */ = {isa = PBXFileReference; includeInIndex = 1; lastKnownFileType = text.xcconfig; name = "Pods-InstagramTests.release.xcconfig"; path = "Target Support Files/Pods-InstagramTests/Pods-InstagramTests.release.xcconfig"; sourceTree = "<group>"; };
		5F5698ECB40236C784B3A17E /* Pods-Instagram-InstagramUITests.debug.xcconfig */ = {isa = PBXFileReference; includeInIndex = 1; lastKnownFileType = text.xcconfig; name = "Pods-Instagram-InstagramUITests.debug.xcconfig"; path = "Target Support Files/Pods-Instagram-InstagramUITests/Pods-Instagram-InstagramUITests.debug.xcconfig"; sourceTree = "<group>"; };
		826A14372696149600A2E323 /* PostCell.h */ = {isa = PBXFileReference; lastKnownFileType = sourcecode.c.h; path = PostCell.h; sourceTree = "<group>"; };
		826A14382696149600A2E323 /* PostCell.m */ = {isa = PBXFileReference; lastKnownFileType = sourcecode.c.objc; path = PostCell.m; sourceTree = "<group>"; };
		826A143A26961A6D00A2E323 /* ComposeViewController.h */ = {isa = PBXFileReference; lastKnownFileType = sourcecode.c.h; path = ComposeViewController.h; sourceTree = "<group>"; };
		826A143B26961A6D00A2E323 /* ComposeViewController.m */ = {isa = PBXFileReference; lastKnownFileType = sourcecode.c.objc; path = ComposeViewController.m; sourceTree = "<group>"; };
		826A143D269688A000A2E323 /* Post.h */ = {isa = PBXFileReference; lastKnownFileType = sourcecode.c.h; path = Post.h; sourceTree = "<group>"; };
		826A143E269688A000A2E323 /* Post.m */ = {isa = PBXFileReference; lastKnownFileType = sourcecode.c.objc; path = Post.m; sourceTree = "<group>"; };
		828669F82694A47800C28F9F /* Instagram.app */ = {isa = PBXFileReference; explicitFileType = wrapper.application; includeInIndex = 0; path = Instagram.app; sourceTree = BUILT_PRODUCTS_DIR; };
		828669FB2694A47800C28F9F /* AppDelegate.h */ = {isa = PBXFileReference; lastKnownFileType = sourcecode.c.h; path = AppDelegate.h; sourceTree = "<group>"; };
		828669FC2694A47800C28F9F /* AppDelegate.m */ = {isa = PBXFileReference; lastKnownFileType = sourcecode.c.objc; path = AppDelegate.m; sourceTree = "<group>"; };
		828669FE2694A47800C28F9F /* SceneDelegate.h */ = {isa = PBXFileReference; lastKnownFileType = sourcecode.c.h; path = SceneDelegate.h; sourceTree = "<group>"; };
		828669FF2694A47800C28F9F /* SceneDelegate.m */ = {isa = PBXFileReference; lastKnownFileType = sourcecode.c.objc; path = SceneDelegate.m; sourceTree = "<group>"; };
		82866A012694A47800C28F9F /* ViewController.h */ = {isa = PBXFileReference; lastKnownFileType = sourcecode.c.h; path = ViewController.h; sourceTree = "<group>"; };
		82866A022694A47800C28F9F /* ViewController.m */ = {isa = PBXFileReference; lastKnownFileType = sourcecode.c.objc; path = ViewController.m; sourceTree = "<group>"; };
		82866A052694A47800C28F9F /* Base */ = {isa = PBXFileReference; lastKnownFileType = file.storyboard; name = Base; path = Base.lproj/Main.storyboard; sourceTree = "<group>"; };
		82866A072694A47900C28F9F /* Assets.xcassets */ = {isa = PBXFileReference; lastKnownFileType = folder.assetcatalog; path = Assets.xcassets; sourceTree = "<group>"; };
		82866A0A2694A47900C28F9F /* Base */ = {isa = PBXFileReference; lastKnownFileType = file.storyboard; name = Base; path = Base.lproj/LaunchScreen.storyboard; sourceTree = "<group>"; };
		82866A0C2694A47900C28F9F /* Info.plist */ = {isa = PBXFileReference; lastKnownFileType = text.plist.xml; path = Info.plist; sourceTree = "<group>"; };
		82866A0D2694A47900C28F9F /* main.m */ = {isa = PBXFileReference; lastKnownFileType = sourcecode.c.objc; path = main.m; sourceTree = "<group>"; };
		82866A132694A47900C28F9F /* InstagramTests.xctest */ = {isa = PBXFileReference; explicitFileType = wrapper.cfbundle; includeInIndex = 0; path = InstagramTests.xctest; sourceTree = BUILT_PRODUCTS_DIR; };
		82866A172694A47900C28F9F /* InstagramTests.m */ = {isa = PBXFileReference; lastKnownFileType = sourcecode.c.objc; path = InstagramTests.m; sourceTree = "<group>"; };
		82866A192694A47900C28F9F /* Info.plist */ = {isa = PBXFileReference; lastKnownFileType = text.plist.xml; path = Info.plist; sourceTree = "<group>"; };
		82866A1E2694A47900C28F9F /* InstagramUITests.xctest */ = {isa = PBXFileReference; explicitFileType = wrapper.cfbundle; includeInIndex = 0; path = InstagramUITests.xctest; sourceTree = BUILT_PRODUCTS_DIR; };
		82866A222694A47900C28F9F /* InstagramUITests.m */ = {isa = PBXFileReference; lastKnownFileType = sourcecode.c.objc; path = InstagramUITests.m; sourceTree = "<group>"; };
		82866A242694A47900C28F9F /* Info.plist */ = {isa = PBXFileReference; lastKnownFileType = text.plist.xml; path = Info.plist; sourceTree = "<group>"; };
		82866A31269548FF00C28F9F /* LoginViewController.h */ = {isa = PBXFileReference; lastKnownFileType = sourcecode.c.h; path = LoginViewController.h; sourceTree = "<group>"; };
		82866A32269548FF00C28F9F /* LoginViewController.m */ = {isa = PBXFileReference; lastKnownFileType = sourcecode.c.objc; path = LoginViewController.m; sourceTree = "<group>"; };
		82866A3426954EB400C28F9F /* TimelineViewController.h */ = {isa = PBXFileReference; lastKnownFileType = sourcecode.c.h; path = TimelineViewController.h; sourceTree = "<group>"; };
		82866A3526954EB400C28F9F /* TimelineViewController.m */ = {isa = PBXFileReference; lastKnownFileType = sourcecode.c.objc; path = TimelineViewController.m; sourceTree = "<group>"; };
		8BFAD85B548769B05FD10813 /* Pods-Instagram.release.xcconfig */ = {isa = PBXFileReference; includeInIndex = 1; lastKnownFileType = text.xcconfig; name = "Pods-Instagram.release.xcconfig"; path = "Target Support Files/Pods-Instagram/Pods-Instagram.release.xcconfig"; sourceTree = "<group>"; };
		9F3AE78BBDC3421B876A255B /* Pods-Instagram-InstagramUITests.release.xcconfig */ = {isa = PBXFileReference; includeInIndex = 1; lastKnownFileType = text.xcconfig; name = "Pods-Instagram-InstagramUITests.release.xcconfig"; path = "Target Support Files/Pods-Instagram-InstagramUITests/Pods-Instagram-InstagramUITests.release.xcconfig"; sourceTree = "<group>"; };
		A09507ABE0DC5D5B0E4DCCFD /* Pods_Instagram_InstagramUITests.framework */ = {isa = PBXFileReference; explicitFileType = wrapper.framework; includeInIndex = 0; path = Pods_Instagram_InstagramUITests.framework; sourceTree = BUILT_PRODUCTS_DIR; };
		D8FBF8E4C6546C2FE85A500D /* Pods-InstagramTests.debug.xcconfig */ = {isa = PBXFileReference; includeInIndex = 1; lastKnownFileType = text.xcconfig; name = "Pods-InstagramTests.debug.xcconfig"; path = "Target Support Files/Pods-InstagramTests/Pods-InstagramTests.debug.xcconfig"; sourceTree = "<group>"; };
		F46368490286EA6604873A2E /* Pods_Instagram.framework */ = {isa = PBXFileReference; explicitFileType = wrapper.framework; includeInIndex = 0; path = Pods_Instagram.framework; sourceTree = BUILT_PRODUCTS_DIR; };
/* End PBXFileReference section */

/* Begin PBXFrameworksBuildPhase section */
		828669F52694A47800C28F9F /* Frameworks */ = {
			isa = PBXFrameworksBuildPhase;
			buildActionMask = 2147483647;
			files = (
				6B0083C338AB71E275EEC492 /* Pods_Instagram.framework in Frameworks */,
			);
			runOnlyForDeploymentPostprocessing = 0;
		};
		82866A102694A47900C28F9F /* Frameworks */ = {
			isa = PBXFrameworksBuildPhase;
			buildActionMask = 2147483647;
			files = (
				5602EA000EE35EE81CB8FAC4 /* Pods_InstagramTests.framework in Frameworks */,
			);
			runOnlyForDeploymentPostprocessing = 0;
		};
		82866A1B2694A47900C28F9F /* Frameworks */ = {
			isa = PBXFrameworksBuildPhase;
			buildActionMask = 2147483647;
			files = (
				CB7BC5C54E5B4D9D93919241 /* Pods_Instagram_InstagramUITests.framework in Frameworks */,
			);
			runOnlyForDeploymentPostprocessing = 0;
		};
/* End PBXFrameworksBuildPhase section */

/* Begin PBXGroup section */
		826A14362696147600A2E323 /* Views */ = {
			isa = PBXGroup;
			children = (
				826A14372696149600A2E323 /* PostCell.h */,
				826A14382696149600A2E323 /* PostCell.m */,
			);
			path = Views;
			sourceTree = "<group>";
		};
		828669EF2694A47800C28F9F = {
			isa = PBXGroup;
			children = (
				828669FA2694A47800C28F9F /* Instagram */,
				82866A162694A47900C28F9F /* InstagramTests */,
				82866A212694A47900C28F9F /* InstagramUITests */,
				828669F92694A47800C28F9F /* Products */,
				A36D407266B7AA596BF0B03C /* Pods */,
				9BC24EF01E209373D03FF349 /* Frameworks */,
			);
			sourceTree = "<group>";
		};
		828669F92694A47800C28F9F /* Products */ = {
			isa = PBXGroup;
			children = (
				828669F82694A47800C28F9F /* Instagram.app */,
				82866A132694A47900C28F9F /* InstagramTests.xctest */,
				82866A1E2694A47900C28F9F /* InstagramUITests.xctest */,
			);
			name = Products;
			sourceTree = "<group>";
		};
		828669FA2694A47800C28F9F /* Instagram */ = {
			isa = PBXGroup;
			children = (
				826A14362696147600A2E323 /* Views */,
				82866A30269548EB00C28F9F /* ViewControllers */,
				828669FB2694A47800C28F9F /* AppDelegate.h */,
				828669FC2694A47800C28F9F /* AppDelegate.m */,
				828669FE2694A47800C28F9F /* SceneDelegate.h */,
				828669FF2694A47800C28F9F /* SceneDelegate.m */,
				82866A012694A47800C28F9F /* ViewController.h */,
				82866A022694A47800C28F9F /* ViewController.m */,
				82866A042694A47800C28F9F /* Main.storyboard */,
				82866A072694A47900C28F9F /* Assets.xcassets */,
				82866A092694A47900C28F9F /* LaunchScreen.storyboard */,
				82866A0C2694A47900C28F9F /* Info.plist */,
				82866A0D2694A47900C28F9F /* main.m */,
				826A143D269688A000A2E323 /* Post.h */,
				826A143E269688A000A2E323 /* Post.m */,
			);
			path = Instagram;
			sourceTree = "<group>";
		};
		82866A162694A47900C28F9F /* InstagramTests */ = {
			isa = PBXGroup;
			children = (
				82866A172694A47900C28F9F /* InstagramTests.m */,
				82866A192694A47900C28F9F /* Info.plist */,
			);
			path = InstagramTests;
			sourceTree = "<group>";
		};
		82866A212694A47900C28F9F /* InstagramUITests */ = {
			isa = PBXGroup;
			children = (
				82866A222694A47900C28F9F /* InstagramUITests.m */,
				82866A242694A47900C28F9F /* Info.plist */,
			);
			path = InstagramUITests;
			sourceTree = "<group>";
		};
		82866A30269548EB00C28F9F /* ViewControllers */ = {
			isa = PBXGroup;
			children = (
				82866A31269548FF00C28F9F /* LoginViewController.h */,
				82866A32269548FF00C28F9F /* LoginViewController.m */,
				82866A3426954EB400C28F9F /* TimelineViewController.h */,
				82866A3526954EB400C28F9F /* TimelineViewController.m */,
				826A143A26961A6D00A2E323 /* ComposeViewController.h */,
				826A143B26961A6D00A2E323 /* ComposeViewController.m */,
			);
			path = ViewControllers;
			sourceTree = "<group>";
		};
		9BC24EF01E209373D03FF349 /* Frameworks */ = {
			isa = PBXGroup;
			children = (
				F46368490286EA6604873A2E /* Pods_Instagram.framework */,
				A09507ABE0DC5D5B0E4DCCFD /* Pods_Instagram_InstagramUITests.framework */,
				3A73F3BFFFABABA18BFFDFA0 /* Pods_InstagramTests.framework */,
			);
			name = Frameworks;
			sourceTree = "<group>";
		};
		A36D407266B7AA596BF0B03C /* Pods */ = {
			isa = PBXGroup;
			children = (
				58489A283C903BF41BFC052D /* Pods-Instagram.debug.xcconfig */,
				8BFAD85B548769B05FD10813 /* Pods-Instagram.release.xcconfig */,
				5F5698ECB40236C784B3A17E /* Pods-Instagram-InstagramUITests.debug.xcconfig */,
				9F3AE78BBDC3421B876A255B /* Pods-Instagram-InstagramUITests.release.xcconfig */,
				D8FBF8E4C6546C2FE85A500D /* Pods-InstagramTests.debug.xcconfig */,
				596D2CD949C25B304B39A8A1 /* Pods-InstagramTests.release.xcconfig */,
			);
			path = Pods;
			sourceTree = "<group>";
		};
/* End PBXGroup section */

/* Begin PBXNativeTarget section */
		828669F72694A47800C28F9F /* Instagram */ = {
			isa = PBXNativeTarget;
			buildConfigurationList = 82866A272694A47900C28F9F /* Build configuration list for PBXNativeTarget "Instagram" */;
			buildPhases = (
				4E28136A365AA4B6BC73C384 /* [CP] Check Pods Manifest.lock */,
				828669F42694A47800C28F9F /* Sources */,
				828669F52694A47800C28F9F /* Frameworks */,
				828669F62694A47800C28F9F /* Resources */,
				858987D33C8FF4EF6AA02A15 /* [CP] Embed Pods Frameworks */,
			);
			buildRules = (
			);
			dependencies = (
			);
			name = Instagram;
			productName = Instagram;
			productReference = 828669F82694A47800C28F9F /* Instagram.app */;
			productType = "com.apple.product-type.application";
		};
		82866A122694A47900C28F9F /* InstagramTests */ = {
			isa = PBXNativeTarget;
			buildConfigurationList = 82866A2A2694A47900C28F9F /* Build configuration list for PBXNativeTarget "InstagramTests" */;
			buildPhases = (
				3404AF7BA31A7F64AD877AE1 /* [CP] Check Pods Manifest.lock */,
				82866A0F2694A47900C28F9F /* Sources */,
				82866A102694A47900C28F9F /* Frameworks */,
				82866A112694A47900C28F9F /* Resources */,
			);
			buildRules = (
			);
			dependencies = (
				82866A152694A47900C28F9F /* PBXTargetDependency */,
			);
			name = InstagramTests;
			productName = InstagramTests;
			productReference = 82866A132694A47900C28F9F /* InstagramTests.xctest */;
			productType = "com.apple.product-type.bundle.unit-test";
		};
		82866A1D2694A47900C28F9F /* InstagramUITests */ = {
			isa = PBXNativeTarget;
			buildConfigurationList = 82866A2D2694A47900C28F9F /* Build configuration list for PBXNativeTarget "InstagramUITests" */;
			buildPhases = (
				77EDC8E276E3E0446F2FBCA5 /* [CP] Check Pods Manifest.lock */,
				82866A1A2694A47900C28F9F /* Sources */,
				82866A1B2694A47900C28F9F /* Frameworks */,
				82866A1C2694A47900C28F9F /* Resources */,
				711F0E8A9B2326049A444307 /* [CP] Embed Pods Frameworks */,
			);
			buildRules = (
			);
			dependencies = (
				82866A202694A47900C28F9F /* PBXTargetDependency */,
			);
			name = InstagramUITests;
			productName = InstagramUITests;
			productReference = 82866A1E2694A47900C28F9F /* InstagramUITests.xctest */;
			productType = "com.apple.product-type.bundle.ui-testing";
		};
/* End PBXNativeTarget section */

/* Begin PBXProject section */
		828669F02694A47800C28F9F /* Project object */ = {
			isa = PBXProject;
			attributes = {
				LastUpgradeCheck = 1250;
				TargetAttributes = {
					828669F72694A47800C28F9F = {
						CreatedOnToolsVersion = 12.5.1;
					};
					82866A122694A47900C28F9F = {
						CreatedOnToolsVersion = 12.5.1;
						TestTargetID = 828669F72694A47800C28F9F;
					};
					82866A1D2694A47900C28F9F = {
						CreatedOnToolsVersion = 12.5.1;
						TestTargetID = 828669F72694A47800C28F9F;
					};
				};
			};
			buildConfigurationList = 828669F32694A47800C28F9F /* Build configuration list for PBXProject "Instagram" */;
			compatibilityVersion = "Xcode 9.3";
			developmentRegion = en;
			hasScannedForEncodings = 0;
			knownRegions = (
				en,
				Base,
			);
			mainGroup = 828669EF2694A47800C28F9F;
			productRefGroup = 828669F92694A47800C28F9F /* Products */;
			projectDirPath = "";
			projectRoot = "";
			targets = (
				828669F72694A47800C28F9F /* Instagram */,
				82866A122694A47900C28F9F /* InstagramTests */,
				82866A1D2694A47900C28F9F /* InstagramUITests */,
			);
		};
/* End PBXProject section */

/* Begin PBXResourcesBuildPhase section */
		828669F62694A47800C28F9F /* Resources */ = {
			isa = PBXResourcesBuildPhase;
			buildActionMask = 2147483647;
			files = (
				82866A0B2694A47900C28F9F /* LaunchScreen.storyboard in Resources */,
				82866A082694A47900C28F9F /* Assets.xcassets in Resources */,
				82866A062694A47800C28F9F /* Main.storyboard in Resources */,
			);
			runOnlyForDeploymentPostprocessing = 0;
		};
		82866A112694A47900C28F9F /* Resources */ = {
			isa = PBXResourcesBuildPhase;
			buildActionMask = 2147483647;
			files = (
			);
			runOnlyForDeploymentPostprocessing = 0;
		};
		82866A1C2694A47900C28F9F /* Resources */ = {
			isa = PBXResourcesBuildPhase;
			buildActionMask = 2147483647;
			files = (
			);
			runOnlyForDeploymentPostprocessing = 0;
		};
/* End PBXResourcesBuildPhase section */

/* Begin PBXShellScriptBuildPhase section */
		3404AF7BA31A7F64AD877AE1 /* [CP] Check Pods Manifest.lock */ = {
			isa = PBXShellScriptBuildPhase;
			buildActionMask = 2147483647;
			files = (
			);
			inputFileListPaths = (
			);
			inputPaths = (
				"${PODS_PODFILE_DIR_PATH}/Podfile.lock",
				"${PODS_ROOT}/Manifest.lock",
			);
			name = "[CP] Check Pods Manifest.lock";
			outputFileListPaths = (
			);
			outputPaths = (
				"$(DERIVED_FILE_DIR)/Pods-InstagramTests-checkManifestLockResult.txt",
			);
			runOnlyForDeploymentPostprocessing = 0;
			shellPath = /bin/sh;
			shellScript = "diff \"${PODS_PODFILE_DIR_PATH}/Podfile.lock\" \"${PODS_ROOT}/Manifest.lock\" > /dev/null\nif [ $? != 0 ] ; then\n    # print error to STDERR\n    echo \"error: The sandbox is not in sync with the Podfile.lock. Run 'pod install' or update your CocoaPods installation.\" >&2\n    exit 1\nfi\n# This output is used by Xcode 'outputs' to avoid re-running this script phase.\necho \"SUCCESS\" > \"${SCRIPT_OUTPUT_FILE_0}\"\n";
			showEnvVarsInLog = 0;
		};
		4E28136A365AA4B6BC73C384 /* [CP] Check Pods Manifest.lock */ = {
			isa = PBXShellScriptBuildPhase;
			buildActionMask = 2147483647;
			files = (
			);
			inputFileListPaths = (
			);
			inputPaths = (
				"${PODS_PODFILE_DIR_PATH}/Podfile.lock",
				"${PODS_ROOT}/Manifest.lock",
			);
			name = "[CP] Check Pods Manifest.lock";
			outputFileListPaths = (
			);
			outputPaths = (
				"$(DERIVED_FILE_DIR)/Pods-Instagram-checkManifestLockResult.txt",
			);
			runOnlyForDeploymentPostprocessing = 0;
			shellPath = /bin/sh;
			shellScript = "diff \"${PODS_PODFILE_DIR_PATH}/Podfile.lock\" \"${PODS_ROOT}/Manifest.lock\" > /dev/null\nif [ $? != 0 ] ; then\n    # print error to STDERR\n    echo \"error: The sandbox is not in sync with the Podfile.lock. Run 'pod install' or update your CocoaPods installation.\" >&2\n    exit 1\nfi\n# This output is used by Xcode 'outputs' to avoid re-running this script phase.\necho \"SUCCESS\" > \"${SCRIPT_OUTPUT_FILE_0}\"\n";
			showEnvVarsInLog = 0;
		};
		711F0E8A9B2326049A444307 /* [CP] Embed Pods Frameworks */ = {
			isa = PBXShellScriptBuildPhase;
			buildActionMask = 2147483647;
			files = (
			);
			inputFileListPaths = (
				"${PODS_ROOT}/Target Support Files/Pods-Instagram-InstagramUITests/Pods-Instagram-InstagramUITests-frameworks-${CONFIGURATION}-input-files.xcfilelist",
			);
			name = "[CP] Embed Pods Frameworks";
			outputFileListPaths = (
				"${PODS_ROOT}/Target Support Files/Pods-Instagram-InstagramUITests/Pods-Instagram-InstagramUITests-frameworks-${CONFIGURATION}-output-files.xcfilelist",
			);
			runOnlyForDeploymentPostprocessing = 0;
			shellPath = /bin/sh;
			shellScript = "\"${PODS_ROOT}/Target Support Files/Pods-Instagram-InstagramUITests/Pods-Instagram-InstagramUITests-frameworks.sh\"\n";
			showEnvVarsInLog = 0;
		};
		77EDC8E276E3E0446F2FBCA5 /* [CP] Check Pods Manifest.lock */ = {
			isa = PBXShellScriptBuildPhase;
			buildActionMask = 2147483647;
			files = (
			);
			inputFileListPaths = (
			);
			inputPaths = (
				"${PODS_PODFILE_DIR_PATH}/Podfile.lock",
				"${PODS_ROOT}/Manifest.lock",
			);
			name = "[CP] Check Pods Manifest.lock";
			outputFileListPaths = (
			);
			outputPaths = (
				"$(DERIVED_FILE_DIR)/Pods-Instagram-InstagramUITests-checkManifestLockResult.txt",
			);
			runOnlyForDeploymentPostprocessing = 0;
			shellPath = /bin/sh;
			shellScript = "diff \"${PODS_PODFILE_DIR_PATH}/Podfile.lock\" \"${PODS_ROOT}/Manifest.lock\" > /dev/null\nif [ $? != 0 ] ; then\n    # print error to STDERR\n    echo \"error: The sandbox is not in sync with the Podfile.lock. Run 'pod install' or update your CocoaPods installation.\" >&2\n    exit 1\nfi\n# This output is used by Xcode 'outputs' to avoid re-running this script phase.\necho \"SUCCESS\" > \"${SCRIPT_OUTPUT_FILE_0}\"\n";
			showEnvVarsInLog = 0;
		};
		858987D33C8FF4EF6AA02A15 /* [CP] Embed Pods Frameworks */ = {
			isa = PBXShellScriptBuildPhase;
			buildActionMask = 2147483647;
			files = (
			);
			inputFileListPaths = (
				"${PODS_ROOT}/Target Support Files/Pods-Instagram/Pods-Instagram-frameworks-${CONFIGURATION}-input-files.xcfilelist",
			);
			name = "[CP] Embed Pods Frameworks";
			outputFileListPaths = (
				"${PODS_ROOT}/Target Support Files/Pods-Instagram/Pods-Instagram-frameworks-${CONFIGURATION}-output-files.xcfilelist",
			);
			runOnlyForDeploymentPostprocessing = 0;
			shellPath = /bin/sh;
			shellScript = "\"${PODS_ROOT}/Target Support Files/Pods-Instagram/Pods-Instagram-frameworks.sh\"\n";
			showEnvVarsInLog = 0;
		};
/* End PBXShellScriptBuildPhase section */

/* Begin PBXSourcesBuildPhase section */
		828669F42694A47800C28F9F /* Sources */ = {
			isa = PBXSourcesBuildPhase;
			buildActionMask = 2147483647;
			files = (
				82866A032694A47800C28F9F /* ViewController.m in Sources */,
				828669FD2694A47800C28F9F /* AppDelegate.m in Sources */,
				82866A0E2694A47900C28F9F /* main.m in Sources */,
				82866A002694A47800C28F9F /* SceneDelegate.m in Sources */,
				826A143F269688A000A2E323 /* Post.m in Sources */,
				826A14392696149600A2E323 /* PostCell.m in Sources */,
				82866A33269548FF00C28F9F /* LoginViewController.m in Sources */,
				82866A3626954EB400C28F9F /* TimelineViewController.m in Sources */,
				826A143C26961A6D00A2E323 /* ComposeViewController.m in Sources */,
			);
			runOnlyForDeploymentPostprocessing = 0;
		};
		82866A0F2694A47900C28F9F /* Sources */ = {
			isa = PBXSourcesBuildPhase;
			buildActionMask = 2147483647;
			files = (
				82866A182694A47900C28F9F /* InstagramTests.m in Sources */,
			);
			runOnlyForDeploymentPostprocessing = 0;
		};
		82866A1A2694A47900C28F9F /* Sources */ = {
			isa = PBXSourcesBuildPhase;
			buildActionMask = 2147483647;
			files = (
				82866A232694A47900C28F9F /* InstagramUITests.m in Sources */,
			);
			runOnlyForDeploymentPostprocessing = 0;
		};
/* End PBXSourcesBuildPhase section */

/* Begin PBXTargetDependency section */
		82866A152694A47900C28F9F /* PBXTargetDependency */ = {
			isa = PBXTargetDependency;
			target = 828669F72694A47800C28F9F /* Instagram */;
			targetProxy = 82866A142694A47900C28F9F /* PBXContainerItemProxy */;
		};
		82866A202694A47900C28F9F /* PBXTargetDependency */ = {
			isa = PBXTargetDependency;
			target = 828669F72694A47800C28F9F /* Instagram */;
			targetProxy = 82866A1F2694A47900C28F9F /* PBXContainerItemProxy */;
		};
/* End PBXTargetDependency section */

/* Begin PBXVariantGroup section */
		82866A042694A47800C28F9F /* Main.storyboard */ = {
			isa = PBXVariantGroup;
			children = (
				82866A052694A47800C28F9F /* Base */,
			);
			name = Main.storyboard;
			sourceTree = "<group>";
		};
		82866A092694A47900C28F9F /* LaunchScreen.storyboard */ = {
			isa = PBXVariantGroup;
			children = (
				82866A0A2694A47900C28F9F /* Base */,
			);
			name = LaunchScreen.storyboard;
			sourceTree = "<group>";
		};
/* End PBXVariantGroup section */

/* Begin XCBuildConfiguration section */
		82866A252694A47900C28F9F /* Debug */ = {
			isa = XCBuildConfiguration;
			buildSettings = {
				ALWAYS_SEARCH_USER_PATHS = NO;
				CLANG_ANALYZER_NONNULL = YES;
				CLANG_ANALYZER_NUMBER_OBJECT_CONVERSION = YES_AGGRESSIVE;
				CLANG_CXX_LANGUAGE_STANDARD = "gnu++14";
				CLANG_CXX_LIBRARY = "libc++";
				CLANG_ENABLE_MODULES = YES;
				CLANG_ENABLE_OBJC_ARC = YES;
				CLANG_ENABLE_OBJC_WEAK = YES;
				CLANG_WARN_BLOCK_CAPTURE_AUTORELEASING = YES;
				CLANG_WARN_BOOL_CONVERSION = YES;
				CLANG_WARN_COMMA = YES;
				CLANG_WARN_CONSTANT_CONVERSION = YES;
				CLANG_WARN_DEPRECATED_OBJC_IMPLEMENTATIONS = YES;
				CLANG_WARN_DIRECT_OBJC_ISA_USAGE = YES_ERROR;
				CLANG_WARN_DOCUMENTATION_COMMENTS = YES;
				CLANG_WARN_EMPTY_BODY = YES;
				CLANG_WARN_ENUM_CONVERSION = YES;
				CLANG_WARN_INFINITE_RECURSION = YES;
				CLANG_WARN_INT_CONVERSION = YES;
				CLANG_WARN_NON_LITERAL_NULL_CONVERSION = YES;
				CLANG_WARN_OBJC_IMPLICIT_RETAIN_SELF = YES;
				CLANG_WARN_OBJC_LITERAL_CONVERSION = YES;
				CLANG_WARN_OBJC_ROOT_CLASS = YES_ERROR;
				CLANG_WARN_QUOTED_INCLUDE_IN_FRAMEWORK_HEADER = YES;
				CLANG_WARN_RANGE_LOOP_ANALYSIS = YES;
				CLANG_WARN_STRICT_PROTOTYPES = YES;
				CLANG_WARN_SUSPICIOUS_MOVE = YES;
				CLANG_WARN_UNGUARDED_AVAILABILITY = YES_AGGRESSIVE;
				CLANG_WARN_UNREACHABLE_CODE = YES;
				CLANG_WARN__DUPLICATE_METHOD_MATCH = YES;
				COPY_PHASE_STRIP = NO;
				DEBUG_INFORMATION_FORMAT = dwarf;
				ENABLE_STRICT_OBJC_MSGSEND = YES;
				ENABLE_TESTABILITY = YES;
				GCC_C_LANGUAGE_STANDARD = gnu11;
				GCC_DYNAMIC_NO_PIC = NO;
				GCC_NO_COMMON_BLOCKS = YES;
				GCC_OPTIMIZATION_LEVEL = 0;
				GCC_PREPROCESSOR_DEFINITIONS = (
					"DEBUG=1",
					"$(inherited)",
				);
				GCC_WARN_64_TO_32_BIT_CONVERSION = YES;
				GCC_WARN_ABOUT_RETURN_TYPE = YES_ERROR;
				GCC_WARN_UNDECLARED_SELECTOR = YES;
				GCC_WARN_UNINITIALIZED_AUTOS = YES_AGGRESSIVE;
				GCC_WARN_UNUSED_FUNCTION = YES;
				GCC_WARN_UNUSED_VARIABLE = YES;
				IPHONEOS_DEPLOYMENT_TARGET = 14.5;
				MTL_ENABLE_DEBUG_INFO = INCLUDE_SOURCE;
				MTL_FAST_MATH = YES;
				ONLY_ACTIVE_ARCH = YES;
				SDKROOT = iphoneos;
			};
			name = Debug;
		};
		82866A262694A47900C28F9F /* Release */ = {
			isa = XCBuildConfiguration;
			buildSettings = {
				ALWAYS_SEARCH_USER_PATHS = NO;
				CLANG_ANALYZER_NONNULL = YES;
				CLANG_ANALYZER_NUMBER_OBJECT_CONVERSION = YES_AGGRESSIVE;
				CLANG_CXX_LANGUAGE_STANDARD = "gnu++14";
				CLANG_CXX_LIBRARY = "libc++";
				CLANG_ENABLE_MODULES = YES;
				CLANG_ENABLE_OBJC_ARC = YES;
				CLANG_ENABLE_OBJC_WEAK = YES;
				CLANG_WARN_BLOCK_CAPTURE_AUTORELEASING = YES;
				CLANG_WARN_BOOL_CONVERSION = YES;
				CLANG_WARN_COMMA = YES;
				CLANG_WARN_CONSTANT_CONVERSION = YES;
				CLANG_WARN_DEPRECATED_OBJC_IMPLEMENTATIONS = YES;
				CLANG_WARN_DIRECT_OBJC_ISA_USAGE = YES_ERROR;
				CLANG_WARN_DOCUMENTATION_COMMENTS = YES;
				CLANG_WARN_EMPTY_BODY = YES;
				CLANG_WARN_ENUM_CONVERSION = YES;
				CLANG_WARN_INFINITE_RECURSION = YES;
				CLANG_WARN_INT_CONVERSION = YES;
				CLANG_WARN_NON_LITERAL_NULL_CONVERSION = YES;
				CLANG_WARN_OBJC_IMPLICIT_RETAIN_SELF = YES;
				CLANG_WARN_OBJC_LITERAL_CONVERSION = YES;
				CLANG_WARN_OBJC_ROOT_CLASS = YES_ERROR;
				CLANG_WARN_QUOTED_INCLUDE_IN_FRAMEWORK_HEADER = YES;
				CLANG_WARN_RANGE_LOOP_ANALYSIS = YES;
				CLANG_WARN_STRICT_PROTOTYPES = YES;
				CLANG_WARN_SUSPICIOUS_MOVE = YES;
				CLANG_WARN_UNGUARDED_AVAILABILITY = YES_AGGRESSIVE;
				CLANG_WARN_UNREACHABLE_CODE = YES;
				CLANG_WARN__DUPLICATE_METHOD_MATCH = YES;
				COPY_PHASE_STRIP = NO;
				DEBUG_INFORMATION_FORMAT = "dwarf-with-dsym";
				ENABLE_NS_ASSERTIONS = NO;
				ENABLE_STRICT_OBJC_MSGSEND = YES;
				GCC_C_LANGUAGE_STANDARD = gnu11;
				GCC_NO_COMMON_BLOCKS = YES;
				GCC_WARN_64_TO_32_BIT_CONVERSION = YES;
				GCC_WARN_ABOUT_RETURN_TYPE = YES_ERROR;
				GCC_WARN_UNDECLARED_SELECTOR = YES;
				GCC_WARN_UNINITIALIZED_AUTOS = YES_AGGRESSIVE;
				GCC_WARN_UNUSED_FUNCTION = YES;
				GCC_WARN_UNUSED_VARIABLE = YES;
				IPHONEOS_DEPLOYMENT_TARGET = 14.5;
				MTL_ENABLE_DEBUG_INFO = NO;
				MTL_FAST_MATH = YES;
				SDKROOT = iphoneos;
				VALIDATE_PRODUCT = YES;
			};
			name = Release;
		};
		82866A282694A47900C28F9F /* Debug */ = {
			isa = XCBuildConfiguration;
			baseConfigurationReference = 58489A283C903BF41BFC052D /* Pods-Instagram.debug.xcconfig */;
			buildSettings = {
				ASSETCATALOG_COMPILER_APPICON_NAME = AppIcon;
				ASSETCATALOG_COMPILER_GLOBAL_ACCENT_COLOR_NAME = AccentColor;
				CODE_SIGN_STYLE = Automatic;
				DEVELOPMENT_TEAM = ZMWDYZ6ZWJ;
				INFOPLIST_FILE = Instagram/Info.plist;
				LD_RUNPATH_SEARCH_PATHS = (
					"$(inherited)",
					"@executable_path/Frameworks",
				);
				PRODUCT_BUNDLE_IDENTIFIER = com.sgu.Instagram;
				PRODUCT_NAME = "$(TARGET_NAME)";
				TARGETED_DEVICE_FAMILY = "1,2";
			};
			name = Debug;
		};
		82866A292694A47900C28F9F /* Release */ = {
			isa = XCBuildConfiguration;
			baseConfigurationReference = 8BFAD85B548769B05FD10813 /* Pods-Instagram.release.xcconfig */;
			buildSettings = {
				ASSETCATALOG_COMPILER_APPICON_NAME = AppIcon;
				ASSETCATALOG_COMPILER_GLOBAL_ACCENT_COLOR_NAME = AccentColor;
				CODE_SIGN_STYLE = Automatic;
				DEVELOPMENT_TEAM = ZMWDYZ6ZWJ;
				INFOPLIST_FILE = Instagram/Info.plist;
				LD_RUNPATH_SEARCH_PATHS = (
					"$(inherited)",
					"@executable_path/Frameworks",
				);
				PRODUCT_BUNDLE_IDENTIFIER = com.sgu.Instagram;
				PRODUCT_NAME = "$(TARGET_NAME)";
				TARGETED_DEVICE_FAMILY = "1,2";
			};
			name = Release;
		};
		82866A2B2694A47900C28F9F /* Debug */ = {
			isa = XCBuildConfiguration;
			baseConfigurationReference = D8FBF8E4C6546C2FE85A500D /* Pods-InstagramTests.debug.xcconfig */;
			buildSettings = {
				BUNDLE_LOADER = "$(TEST_HOST)";
				CODE_SIGN_STYLE = Automatic;
				DEVELOPMENT_TEAM = ZMWDYZ6ZWJ;
				INFOPLIST_FILE = InstagramTests/Info.plist;
				IPHONEOS_DEPLOYMENT_TARGET = 14.5;
				LD_RUNPATH_SEARCH_PATHS = (
					"$(inherited)",
					"@executable_path/Frameworks",
					"@loader_path/Frameworks",
				);
				PRODUCT_BUNDLE_IDENTIFIER = com.sgu.InstagramTests;
				PRODUCT_NAME = "$(TARGET_NAME)";
				TARGETED_DEVICE_FAMILY = "1,2";
				TEST_HOST = "$(BUILT_PRODUCTS_DIR)/Instagram.app/Instagram";
			};
			name = Debug;
		};
		82866A2C2694A47900C28F9F /* Release */ = {
			isa = XCBuildConfiguration;
			baseConfigurationReference = 596D2CD949C25B304B39A8A1 /* Pods-InstagramTests.release.xcconfig */;
			buildSettings = {
				BUNDLE_LOADER = "$(TEST_HOST)";
				CODE_SIGN_STYLE = Automatic;
				DEVELOPMENT_TEAM = ZMWDYZ6ZWJ;
				INFOPLIST_FILE = InstagramTests/Info.plist;
				IPHONEOS_DEPLOYMENT_TARGET = 14.5;
				LD_RUNPATH_SEARCH_PATHS = (
					"$(inherited)",
					"@executable_path/Frameworks",
					"@loader_path/Frameworks",
				);
				PRODUCT_BUNDLE_IDENTIFIER = com.sgu.InstagramTests;
				PRODUCT_NAME = "$(TARGET_NAME)";
				TARGETED_DEVICE_FAMILY = "1,2";
				TEST_HOST = "$(BUILT_PRODUCTS_DIR)/Instagram.app/Instagram";
			};
			name = Release;
		};
		82866A2E2694A47900C28F9F /* Debug */ = {
			isa = XCBuildConfiguration;
			baseConfigurationReference = 5F5698ECB40236C784B3A17E /* Pods-Instagram-InstagramUITests.debug.xcconfig */;
			buildSettings = {
				CODE_SIGN_STYLE = Automatic;
				DEVELOPMENT_TEAM = ZMWDYZ6ZWJ;
				INFOPLIST_FILE = InstagramUITests/Info.plist;
				LD_RUNPATH_SEARCH_PATHS = (
					"$(inherited)",
					"@executable_path/Frameworks",
					"@loader_path/Frameworks",
				);
				PRODUCT_BUNDLE_IDENTIFIER = com.sgu.InstagramUITests;
				PRODUCT_NAME = "$(TARGET_NAME)";
				TARGETED_DEVICE_FAMILY = "1,2";
				TEST_TARGET_NAME = Instagram;
			};
			name = Debug;
		};
		82866A2F2694A47900C28F9F /* Release */ = {
			isa = XCBuildConfiguration;
			baseConfigurationReference = 9F3AE78BBDC3421B876A255B /* Pods-Instagram-InstagramUITests.release.xcconfig */;
			buildSettings = {
				CODE_SIGN_STYLE = Automatic;
				DEVELOPMENT_TEAM = ZMWDYZ6ZWJ;
				INFOPLIST_FILE = InstagramUITests/Info.plist;
				LD_RUNPATH_SEARCH_PATHS = (
					"$(inherited)",
					"@executable_path/Frameworks",
					"@loader_path/Frameworks",
				);
				PRODUCT_BUNDLE_IDENTIFIER = com.sgu.InstagramUITests;
				PRODUCT_NAME = "$(TARGET_NAME)";
				TARGETED_DEVICE_FAMILY = "1,2";
				TEST_TARGET_NAME = Instagram;
			};
			name = Release;
		};
/* End XCBuildConfiguration section */

/* Begin XCConfigurationList section */
		828669F32694A47800C28F9F /* Build configuration list for PBXProject "Instagram" */ = {
			isa = XCConfigurationList;
			buildConfigurations = (
				82866A252694A47900C28F9F /* Debug */,
				82866A262694A47900C28F9F /* Release */,
			);
			defaultConfigurationIsVisible = 0;
			defaultConfigurationName = Release;
		};
		82866A272694A47900C28F9F /* Build configuration list for PBXNativeTarget "Instagram" */ = {
			isa = XCConfigurationList;
			buildConfigurations = (
				82866A282694A47900C28F9F /* Debug */,
				82866A292694A47900C28F9F /* Release */,
			);
			defaultConfigurationIsVisible = 0;
			defaultConfigurationName = Release;
		};
		82866A2A2694A47900C28F9F /* Build configuration list for PBXNativeTarget "InstagramTests" */ = {
			isa = XCConfigurationList;
			buildConfigurations = (
				82866A2B2694A47900C28F9F /* Debug */,
				82866A2C2694A47900C28F9F /* Release */,
			);
			defaultConfigurationIsVisible = 0;
			defaultConfigurationName = Release;
		};
		82866A2D2694A47900C28F9F /* Build configuration list for PBXNativeTarget "InstagramUITests" */ = {
			isa = XCConfigurationList;
			buildConfigurations = (
				82866A2E2694A47900C28F9F /* Debug */,
				82866A2F2694A47900C28F9F /* Release */,
			);
			defaultConfigurationIsVisible = 0;
			defaultConfigurationName = Release;
		};
/* End XCConfigurationList section */
	};
	rootObject = 828669F02694A47800C28F9F /* Project object */;
}
